
Microsoft Visual Studio Solution File, Format Version 12.00
# Visual Studio Version 16
VisualStudioVersion = 16.0.31702.278
MinimumVisualStudioVersion = 10.0.40219.1
Project("{FAE04EC0-301F-11D3-BF4B-00C04F79EFBC}") = "Project_De2", "Project_De2\Project_De2.csproj", "{E07B07E6-BA03-449D-A051-2AC04B6DEE8D}"
EndProject
Global
	GlobalSection(SolutionConfigurationPlatforms) = preSolution
		Debug|Any CPU = Debug|Any CPU
		Release|Any CPU = Release|Any CPU
	EndGlobalSection
	GlobalSection(ProjectConfigurationPlatforms) = postSolution
		{E07B07E6-BA03-449D-A051-2AC04B6DEE8D}.Debug|Any CPU.ActiveCfg = Debug|Any CPU
		{E07B07E6-BA03-449D-A051-2AC04B6DEE8D}.Debug|Any CPU.Build.0 = Debug|Any CPU
		{E07B07E6-BA03-449D-A051-2AC04B6DEE8D}.Release|Any CPU.ActiveCfg = Release|Any CPU
		{E07B07E6-BA03-449D-A051-2AC04B6DEE8D}.Release|Any CPU.Build.0 = Release|Any CPU
	EndGlobalSection
	GlobalSection(SolutionProperties) = preSolution
		HideSolutionNode = FALSE
	EndGlobalSection
	GlobalSection(ExtensibilityGlobals) = postSolution
		SolutionGuid = {3A9211EB-75EC-4923-91A1-78C971D3172C}
	EndGlobalSection
EndGlobal
